// !$*UTF8*$!
{
	archiveVersion = 1;
	classes = {
	};
	objectVersion = 50;
	objects = {

/* Begin PBXBuildFile section */
		F339DF6D246540EB00CFA8DF /* AppDelegate.swift in Sources */ = {isa = PBXBuildFile; fileRef = F339DF6C246540EB00CFA8DF /* AppDelegate.swift */; };
		F339DF6F246540EB00CFA8DF /* SceneDelegate.swift in Sources */ = {isa = PBXBuildFile; fileRef = F339DF6E246540EB00CFA8DF /* SceneDelegate.swift */; };
		F339DF71246540EB00CFA8DF /* ViewController.swift in Sources */ = {isa = PBXBuildFile; fileRef = F339DF70246540EB00CFA8DF /* ViewController.swift */; };
		F339DF74246540EB00CFA8DF /* Main.storyboard in Resources */ = {isa = PBXBuildFile; fileRef = F339DF72246540EB00CFA8DF /* Main.storyboard */; };
		F339DF76246540EE00CFA8DF /* Assets.xcassets in Resources */ = {isa = PBXBuildFile; fileRef = F339DF75246540EE00CFA8DF /* Assets.xcassets */; };
		F339DF79246540EE00CFA8DF /* LaunchScreen.storyboard in Resources */ = {isa = PBXBuildFile; fileRef = F339DF77246540EE00CFA8DF /* LaunchScreen.storyboard */; };
		F339DF84246540EE00CFA8DF /* RestTestTests.swift in Sources */ = {isa = PBXBuildFile; fileRef = F339DF83246540EE00CFA8DF /* RestTestTests.swift */; };
		F339DF8F246540EE00CFA8DF /* RestTestUITests.swift in Sources */ = {isa = PBXBuildFile; fileRef = F339DF8E246540EE00CFA8DF /* RestTestUITests.swift */; };
/* End PBXBuildFile section */

/* Begin PBXContainerItemProxy section */
		F339DF80246540EE00CFA8DF /* PBXContainerItemProxy */ = {
			isa = PBXContainerItemProxy;
			containerPortal = F339DF61246540EB00CFA8DF /* Project object */;
			proxyType = 1;
			remoteGlobalIDString = F339DF68246540EB00CFA8DF;
			remoteInfo = RestTest;
		};
		F339DF8B246540EE00CFA8DF /* PBXContainerItemProxy */ = {
			isa = PBXContainerItemProxy;
			containerPortal = F339DF61246540EB00CFA8DF /* Project object */;
			proxyType = 1;
			remoteGlobalIDString = F339DF68246540EB00CFA8DF;
			remoteInfo = RestTest;
		};
/* End PBXContainerItemProxy section */

/* Begin PBXFileReference section */
		F339DF69246540EB00CFA8DF /* RestTest.app */ = {isa = PBXFileReference; explicitFileType = wrapper.application; includeInIndex = 0; path = RestTest.app; sourceTree = BUILT_PRODUCTS_DIR; };
		F339DF6C246540EB00CFA8DF /* AppDelegate.swift */ = {isa = PBXFileReference; lastKnownFileType = sourcecode.swift; path = AppDelegate.swift; sourceTree = "<group>"; };
		F339DF6E246540EB00CFA8DF /* SceneDelegate.swift */ = {isa = PBXFileReference; lastKnownFileType = sourcecode.swift; path = SceneDelegate.swift; sourceTree = "<group>"; };
		F339DF70246540EB00CFA8DF /* ViewController.swift */ = {isa = PBXFileReference; lastKnownFileType = sourcecode.swift; path = ViewController.swift; sourceTree = "<group>"; };
		F339DF73246540EB00CFA8DF /* Base */ = {isa = PBXFileReference; lastKnownFileType = file.storyboard; name = Base; path = Base.lproj/Main.storyboard; sourceTree = "<group>"; };
		F339DF75246540EE00CFA8DF /* Assets.xcassets */ = {isa = PBXFileReference; lastKnownFileType = folder.assetcatalog; path = Assets.xcassets; sourceTree = "<group>"; };
		F339DF78246540EE00CFA8DF /* Base */ = {isa = PBXFileReference; lastKnownFileType = file.storyboard; name = Base; path = Base.lproj/LaunchScreen.storyboard; sourceTree = "<group>"; };
		F339DF7A246540EE00CFA8DF /* Info.plist */ = {isa = PBXFileReference; lastKnownFileType = text.plist.xml; path = Info.plist; sourceTree = "<group>"; };
		F339DF7F246540EE00CFA8DF /* RestTestTests.xctest */ = {isa = PBXFileReference; explicitFileType = wrapper.cfbundle; includeInIndex = 0; path = RestTestTests.xctest; sourceTree = BUILT_PRODUCTS_DIR; };
		F339DF83246540EE00CFA8DF /* RestTestTests.swift */ = {isa = PBXFileReference; lastKnownFileType = sourcecode.swift; path = RestTestTests.swift; sourceTree = "<group>"; };
		F339DF85246540EE00CFA8DF /* Info.plist */ = {isa = PBXFileReference; lastKnownFileType = text.plist.xml; path = Info.plist; sourceTree = "<group>"; };
		F339DF8A246540EE00CFA8DF /* RestTestUITests.xctest */ = {isa = PBXFileReference; explicitFileType = wrapper.cfbundle; includeInIndex = 0; path = RestTestUITests.xctest; sourceTree = BUILT_PRODUCTS_DIR; };
		F339DF8E246540EE00CFA8DF /* RestTestUITests.swift */ = {isa = PBXFileReference; lastKnownFileType = sourcecode.swift; path = RestTestUITests.swift; sourceTree = "<group>"; };
		F339DF90246540EE00CFA8DF /* Info.plist */ = {isa = PBXFileReference; lastKnownFileType = text.plist.xml; path = Info.plist; sourceTree = "<group>"; };
/* End PBXFileReference section */

/* Begin PBXFrameworksBuildPhase section */
		F339DF66246540EB00CFA8DF /* Frameworks */ = {
			isa = PBXFrameworksBuildPhase;
			buildActionMask = 2147483647;
			files = (
			);
			runOnlyForDeploymentPostprocessing = 0;
		};
		F339DF7C246540EE00CFA8DF /* Frameworks */ = {
			isa = PBXFrameworksBuildPhase;
			buildActionMask = 2147483647;
			files = (
			);
			runOnlyForDeploymentPostprocessing = 0;
		};
		F339DF87246540EE00CFA8DF /* Frameworks */ = {
			isa = PBXFrameworksBuildPhase;
			buildActionMask = 2147483647;
			files = (
			);
			runOnlyForDeploymentPostprocessing = 0;
		};
/* End PBXFrameworksBuildPhase section */

/* Begin PBXGroup section */
		F339DF60246540EB00CFA8DF = {
			isa = PBXGroup;
			children = (
				F339DF6B246540EB00CFA8DF /* RestTest */,
				F339DF82246540EE00CFA8DF /* RestTestTests */,
				F339DF8D246540EE00CFA8DF /* RestTestUITests */,
				F339DF6A246540EB00CFA8DF /* Products */,
			);
			sourceTree = "<group>";
		};
		F339DF6A246540EB00CFA8DF /* Products */ = {
			isa = PBXGroup;
			children = (
				F339DF69246540EB00CFA8DF /* RestTest.app */,
				F339DF7F246540EE00CFA8DF /* RestTestTests.xctest */,
				F339DF8A246540EE00CFA8DF /* RestTestUITests.xctest */,
			);
			name = Products;
			sourceTree = "<group>";
		};
		F339DF6B246540EB00CFA8DF /* RestTest */ = {
			isa = PBXGroup;
			children = (
				F339DF6C246540EB00CFA8DF /* AppDelegate.swift */,
				F339DF6E246540EB00CFA8DF /* SceneDelegate.swift */,
				F339DF70246540EB00CFA8DF /* ViewController.swift */,
				F339DF72246540EB00CFA8DF /* Main.storyboard */,
				F339DF75246540EE00CFA8DF /* Assets.xcassets */,
				F339DF77246540EE00CFA8DF /* LaunchScreen.storyboard */,
				F339DF7A246540EE00CFA8DF /* Info.plist */,
			);
			path = RestTest;
			sourceTree = "<group>";
		};
		F339DF82246540EE00CFA8DF /* RestTestTests */ = {
			isa = PBXGroup;
			children = (
				F339DF83246540EE00CFA8DF /* RestTestTests.swift */,
				F339DF85246540EE00CFA8DF /* Info.plist */,
			);
			path = RestTestTests;
			sourceTree = "<group>";
		};
		F339DF8D246540EE00CFA8DF /* RestTestUITests */ = {
			isa = PBXGroup;
			children = (
				F339DF8E246540EE00CFA8DF /* RestTestUITests.swift */,
				F339DF90246540EE00CFA8DF /* Info.plist */,
			);
			path = RestTestUITests;
			sourceTree = "<group>";
		};
/* End PBXGroup section */

/* Begin PBXNativeTarget section */
		F339DF68246540EB00CFA8DF /* RestTest */ = {
			isa = PBXNativeTarget;
			buildConfigurationList = F339DF93246540EE00CFA8DF /* Build configuration list for PBXNativeTarget "RestTest" */;
			buildPhases = (
				F339DF65246540EB00CFA8DF /* Sources */,
				F339DF66246540EB00CFA8DF /* Frameworks */,
				F339DF67246540EB00CFA8DF /* Resources */,
			);
			buildRules = (
			);
			dependencies = (
			);
			name = RestTest;
			productName = RestTest;
			productReference = F339DF69246540EB00CFA8DF /* RestTest.app */;
			productType = "com.apple.product-type.application";
		};
		F339DF7E246540EE00CFA8DF /* RestTestTests */ = {
			isa = PBXNativeTarget;
			buildConfigurationList = F339DF96246540EE00CFA8DF /* Build configuration list for PBXNativeTarget "RestTestTests" */;
			buildPhases = (
				F339DF7B246540EE00CFA8DF /* Sources */,
				F339DF7C246540EE00CFA8DF /* Frameworks */,
				F339DF7D246540EE00CFA8DF /* Resources */,
			);
			buildRules = (
			);
			dependencies = (
				F339DF81246540EE00CFA8DF /* PBXTargetDependency */,
			);
			name = RestTestTests;
			productName = RestTestTests;
			productReference = F339DF7F246540EE00CFA8DF /* RestTestTests.xctest */;
			productType = "com.apple.product-type.bundle.unit-test";
		};
		F339DF89246540EE00CFA8DF /* RestTestUITests */ = {
			isa = PBXNativeTarget;
			buildConfigurationList = F339DF99246540EE00CFA8DF /* Build configuration list for PBXNativeTarget "RestTestUITests" */;
			buildPhases = (
				F339DF86246540EE00CFA8DF /* Sources */,
				F339DF87246540EE00CFA8DF /* Frameworks */,
				F339DF88246540EE00CFA8DF /* Resources */,
			);
			buildRules = (
			);
			dependencies = (
				F339DF8C246540EE00CFA8DF /* PBXTargetDependency */,
			);
			name = RestTestUITests;
			productName = RestTestUITests;
			productReference = F339DF8A246540EE00CFA8DF /* RestTestUITests.xctest */;
			productType = "com.apple.product-type.bundle.ui-testing";
		};
/* End PBXNativeTarget section */

/* Begin PBXProject section */
		F339DF61246540EB00CFA8DF /* Project object */ = {
			isa = PBXProject;
			attributes = {
				LastSwiftUpdateCheck = 1140;
				LastUpgradeCheck = 1140;
				ORGANIZATIONNAME = "Julian Flint Pearce";
				TargetAttributes = {
					F339DF68246540EB00CFA8DF = {
						CreatedOnToolsVersion = 11.4;
					};
					F339DF7E246540EE00CFA8DF = {
						CreatedOnToolsVersion = 11.4;
						TestTargetID = F339DF68246540EB00CFA8DF;
					};
					F339DF89246540EE00CFA8DF = {
						CreatedOnToolsVersion = 11.4;
						TestTargetID = F339DF68246540EB00CFA8DF;
					};
				};
			};
			buildConfigurationList = F339DF64246540EB00CFA8DF /* Build configuration list for PBXProject "RestTest" */;
			compatibilityVersion = "Xcode 9.3";
			developmentRegion = en;
			hasScannedForEncodings = 0;
			knownRegions = (
				en,
				Base,
			);
			mainGroup = F339DF60246540EB00CFA8DF;
			productRefGroup = F339DF6A246540EB00CFA8DF /* Products */;
			projectDirPath = "";
			projectRoot = "";
			targets = (
				F339DF68246540EB00CFA8DF /* RestTest */,
				F339DF7E246540EE00CFA8DF /* RestTestTests */,
				F339DF89246540EE00CFA8DF /* RestTestUITests */,
			);
		};
/* End PBXProject section */

/* Begin PBXResourcesBuildPhase section */
		F339DF67246540EB00CFA8DF /* Resources */ = {
			isa = PBXResourcesBuildPhase;
			buildActionMask = 2147483647;
			files = (
				F339DF79246540EE00CFA8DF /* LaunchScreen.storyboard in Resources */,
				F339DF76246540EE00CFA8DF /* Assets.xcassets in Resources */,
				F339DF74246540EB00CFA8DF /* Main.storyboard in Resources */,
			);
			runOnlyForDeploymentPostprocessing = 0;
		};
		F339DF7D246540EE00CFA8DF /* Resources */ = {
			isa = PBXResourcesBuildPhase;
			buildActionMask = 2147483647;
			files = (
			);
			runOnlyForDeploymentPostprocessing = 0;
		};
		F339DF88246540EE00CFA8DF /* Resources */ = {
			isa = PBXResourcesBuildPhase;
			buildActionMask = 2147483647;
			files = (
			);
			runOnlyForDeploymentPostprocessing = 0;
		};
/* End PBXResourcesBuildPhase section */

/* Begin PBXSourcesBuildPhase section */
		F339DF65246540EB00CFA8DF /* Sources */ = {
			isa = PBXSourcesBuildPhase;
			buildActionMask = 2147483647;
			files = (
				F339DF71246540EB00CFA8DF /* ViewController.swift in Sources */,
				F339DF6D246540EB00CFA8DF /* AppDelegate.swift in Sources */,
				F339DF6F246540EB00CFA8DF /* SceneDelegate.swift in Sources */,
			);
			runOnlyForDeploymentPostprocessing = 0;
		};
		F339DF7B246540EE00CFA8DF /* Sources */ = {
			isa = PBXSourcesBuildPhase;
			buildActionMask = 2147483647;
			files = (
				F339DF84246540EE00CFA8DF /* RestTestTests.swift in Sources */,
			);
			runOnlyForDeploymentPostprocessing = 0;
		};
		F339DF86246540EE00CFA8DF /* Sources */ = {
			isa = PBXSourcesBuildPhase;
			buildActionMask = 2147483647;
			files = (
				F339DF8F246540EE00CFA8DF /* RestTestUITests.swift in Sources */,
			);
			runOnlyForDeploymentPostprocessing = 0;
		};
/* End PBXSourcesBuildPhase section */

/* Begin PBXTargetDependency section */
		F339DF81246540EE00CFA8DF /* PBXTargetDependency */ = {
			isa = PBXTargetDependency;
			target = F339DF68246540EB00CFA8DF /* RestTest */;
			targetProxy = F339DF80246540EE00CFA8DF /* PBXContainerItemProxy */;
		};
		F339DF8C246540EE00CFA8DF /* PBXTargetDependency */ = {
			isa = PBXTargetDependency;
			target = F339DF68246540EB00CFA8DF /* RestTest */;
			targetProxy = F339DF8B246540EE00CFA8DF /* PBXContainerItemProxy */;
		};
/* End PBXTargetDependency section */

/* Begin PBXVariantGroup section */
		F339DF72246540EB00CFA8DF /* Main.storyboard */ = {
			isa = PBXVariantGroup;
			children = (
				F339DF73246540EB00CFA8DF /* Base */,
			);
			name = Main.storyboard;
			sourceTree = "<group>";
		};
		F339DF77246540EE00CFA8DF /* LaunchScreen.storyboard */ = {
			isa = PBXVariantGroup;
			children = (
				F339DF78246540EE00CFA8DF /* Base */,
			);
			name = LaunchScreen.storyboard;
			sourceTree = "<group>";
		};
/* End PBXVariantGroup section */

/* Begin XCBuildConfiguration section */
		F339DF91246540EE00CFA8DF /* Debug */ = {
			isa = XCBuildConfiguration;
			buildSettings = {
				ALWAYS_SEARCH_USER_PATHS = NO;
				CLANG_ANALYZER_NONNULL = YES;
				CLANG_ANALYZER_NUMBER_OBJECT_CONVERSION = YES_AGGRESSIVE;
				CLANG_CXX_LANGUAGE_STANDARD = "gnu++14";
				CLANG_CXX_LIBRARY = "libc++";
				CLANG_ENABLE_MODULES = YES;
				CLANG_ENABLE_OBJC_ARC = YES;
				CLANG_ENABLE_OBJC_WEAK = YES;
				CLANG_WARN_BLOCK_CAPTURE_AUTORELEASING = YES;
				CLANG_WARN_BOOL_CONVERSION = YES;
				CLANG_WARN_COMMA = YES;
				CLANG_WARN_CONSTANT_CONVERSION = YES;
				CLANG_WARN_DEPRECATED_OBJC_IMPLEMENTATIONS = YES;
				CLANG_WARN_DIRECT_OBJC_ISA_USAGE = YES_ERROR;
				CLANG_WARN_DOCUMENTATION_COMMENTS = YES;
				CLANG_WARN_EMPTY_BODY = YES;
				CLANG_WARN_ENUM_CONVERSION = YES;
				CLANG_WARN_INFINITE_RECURSION = YES;
				CLANG_WARN_INT_CONVERSION = YES;
				CLANG_WARN_NON_LITERAL_NULL_CONVERSION = YES;
				CLANG_WARN_OBJC_IMPLICIT_RETAIN_SELF = YES;
				CLANG_WARN_OBJC_LITERAL_CONVERSION = YES;
				CLANG_WARN_OBJC_ROOT_CLASS = YES_ERROR;
				CLANG_WARN_RANGE_LOOP_ANALYSIS = YES;
				CLANG_WARN_STRICT_PROTOTYPES = YES;
				CLANG_WARN_SUSPICIOUS_MOVE = YES;
				CLANG_WARN_UNGUARDED_AVAILABILITY = YES_AGGRESSIVE;
				CLANG_WARN_UNREACHABLE_CODE = YES;
				CLANG_WARN__DUPLICATE_METHOD_MATCH = YES;
				COPY_PHASE_STRIP = NO;
				DEBUG_INFORMATION_FORMAT = dwarf;
				ENABLE_STRICT_OBJC_MSGSEND = YES;
				ENABLE_TESTABILITY = YES;
				GCC_C_LANGUAGE_STANDARD = gnu11;
				GCC_DYNAMIC_NO_PIC = NO;
				GCC_NO_COMMON_BLOCKS = YES;
				GCC_OPTIMIZATION_LEVEL = 0;
				GCC_PREPROCESSOR_DEFINITIONS = (
					"DEBUG=1",
					"$(inherited)",
				);
				GCC_WARN_64_TO_32_BIT_CONVERSION = YES;
				GCC_WARN_ABOUT_RETURN_TYPE = YES_ERROR;
				GCC_WARN_UNDECLARED_SELECTOR = YES;
				GCC_WARN_UNINITIALIZED_AUTOS = YES_AGGRESSIVE;
				GCC_WARN_UNUSED_FUNCTION = YES;
				GCC_WARN_UNUSED_VARIABLE = YES;
				IPHONEOS_DEPLOYMENT_TARGET = 13.4;
				MTL_ENABLE_DEBUG_INFO = INCLUDE_SOURCE;
				MTL_FAST_MATH = YES;
				ONLY_ACTIVE_ARCH = YES;
				SDKROOT = iphoneos;
				SWIFT_ACTIVE_COMPILATION_CONDITIONS = DEBUG;
				SWIFT_OPTIMIZATION_LEVEL = "-Onone";
			};
			name = Debug;
		};
		F339DF92246540EE00CFA8DF /* Release */ = {
			isa = XCBuildConfiguration;
			buildSettings = {
				ALWAYS_SEARCH_USER_PATHS = NO;
				CLANG_ANALYZER_NONNULL = YES;
				CLANG_ANALYZER_NUMBER_OBJECT_CONVERSION = YES_AGGRESSIVE;
				CLANG_CXX_LANGUAGE_STANDARD = "gnu++14";
				CLANG_CXX_LIBRARY = "libc++";
				CLANG_ENABLE_MODULES = YES;
				CLANG_ENABLE_OBJC_ARC = YES;
				CLANG_ENABLE_OBJC_WEAK = YES;
				CLANG_WARN_BLOCK_CAPTURE_AUTORELEASING = YES;
				CLANG_WARN_BOOL_CONVERSION = YES;
				CLANG_WARN_COMMA = YES;
				CLANG_WARN_CONSTANT_CONVERSION = YES;
				CLANG_WARN_DEPRECATED_OBJC_IMPLEMENTATIONS = YES;
				CLANG_WARN_DIRECT_OBJC_ISA_USAGE = YES_ERROR;
				CLANG_WARN_DOCUMENTATION_COMMENTS = YES;
				CLANG_WARN_EMPTY_BODY = YES;
				CLANG_WARN_ENUM_CONVERSION = YES;
				CLANG_WARN_INFINITE_RECURSION = YES;
				CLANG_WARN_INT_CONVERSION = YES;
				CLANG_WARN_NON_LITERAL_NULL_CONVERSION = YES;
				CLANG_WARN_OBJC_IMPLICIT_RETAIN_SELF = YES;
				CLANG_WARN_OBJC_LITERAL_CONVERSION = YES;
				CLANG_WARN_OBJC_ROOT_CLASS = YES_ERROR;
				CLANG_WARN_RANGE_LOOP_ANALYSIS = YES;
				CLANG_WARN_STRICT_PROTOTYPES = YES;
				CLANG_WARN_SUSPICIOUS_MOVE = YES;
				CLANG_WARN_UNGUARDED_AVAILABILITY = YES_AGGRESSIVE;
				CLANG_WARN_UNREACHABLE_CODE = YES;
				CLANG_WARN__DUPLICATE_METHOD_MATCH = YES;
				COPY_PHASE_STRIP = NO;
				DEBUG_INFORMATION_FORMAT = "dwarf-with-dsym";
				ENABLE_NS_ASSERTIONS = NO;
				ENABLE_STRICT_OBJC_MSGSEND = YES;
				GCC_C_LANGUAGE_STANDARD = gnu11;
				GCC_NO_COMMON_BLOCKS = YES;
				GCC_WARN_64_TO_32_BIT_CONVERSION = YES;
				GCC_WARN_ABOUT_RETURN_TYPE = YES_ERROR;
				GCC_WARN_UNDECLARED_SELECTOR = YES;
				GCC_WARN_UNINITIALIZED_AUTOS = YES_AGGRESSIVE;
				GCC_WARN_UNUSED_FUNCTION = YES;
				GCC_WARN_UNUSED_VARIABLE = YES;
				IPHONEOS_DEPLOYMENT_TARGET = 13.4;
				MTL_ENABLE_DEBUG_INFO = NO;
				MTL_FAST_MATH = YES;
				SDKROOT = iphoneos;
				SWIFT_COMPILATION_MODE = wholemodule;
				SWIFT_OPTIMIZATION_LEVEL = "-O";
				VALIDATE_PRODUCT = YES;
			};
			name = Release;
		};
		F339DF94246540EE00CFA8DF /* Debug */ = {
			isa = XCBuildConfiguration;
			buildSettings = {
				ASSETCATALOG_COMPILER_APPICON_NAME = AppIcon;
				CODE_SIGN_STYLE = Automatic;
				INFOPLIST_FILE = RestTest/Info.plist;
				LD_RUNPATH_SEARCH_PATHS = (
					"$(inherited)",
					"@executable_path/Frameworks",
				);
				PRODUCT_BUNDLE_IDENTIFIER = com.flintpearce.RestTest;
				PRODUCT_NAME = "$(TARGET_NAME)";
				SWIFT_VERSION = 5.0;
				TARGETED_DEVICE_FAMILY = "1,2";
			};
			name = Debug;
		};
		F339DF95246540EE00CFA8DF /* Release */ = {
			isa = XCBuildConfiguration;
			buildSettings = {
				ASSETCATALOG_COMPILER_APPICON_NAME = AppIcon;
				CODE_SIGN_STYLE = Automatic;
				INFOPLIST_FILE = RestTest/Info.plist;
				LD_RUNPATH_SEARCH_PATHS = (
					"$(inherited)",
					"@executable_path/Frameworks",
				);
				PRODUCT_BUNDLE_IDENTIFIER = com.flintpearce.RestTest;
				PRODUCT_NAME = "$(TARGET_NAME)";
				SWIFT_VERSION = 5.0;
				TARGETED_DEVICE_FAMILY = "1,2";
			};
			name = Release;
		};
		F339DF97246540EE00CFA8DF /* Debug */ = {
			isa = XCBuildConfiguration;
			buildSettings = {
				ALWAYS_EMBED_SWIFT_STANDARD_LIBRARIES = YES;
				BUNDLE_LOADER = "$(TEST_HOST)";
				CODE_SIGN_STYLE = Automatic;
				INFOPLIST_FILE = RestTestTests/Info.plist;
				IPHONEOS_DEPLOYMENT_TARGET = 13.4;
				LD_RUNPATH_SEARCH_PATHS = (
					"$(inherited)",
					"@executable_path/Frameworks",
					"@loader_path/Frameworks",
				);
				PRODUCT_BUNDLE_IDENTIFIER = com.flintpearce.RestTestTests;
				PRODUCT_NAME = "$(TARGET_NAME)";
				SWIFT_VERSION = 5.0;
				TARGETED_DEVICE_FAMILY = "1,2";
				TEST_HOST = "$(BUILT_PRODUCTS_DIR)/RestTest.app/RestTest";
			};
			name = Debug;
		};
		F339DF98246540EE00CFA8DF /* Release */ = {
			isa = XCBuildConfiguration;
			buildSettings = {
				ALWAYS_EMBED_SWIFT_STANDARD_LIBRARIES = YES;
				BUNDLE_LOADER = "$(TEST_HOST)";
				CODE_SIGN_STYLE = Automatic;
				INFOPLIST_FILE = RestTestTests/Info.plist;
				IPHONEOS_DEPLOYMENT_TARGET = 13.4;
				LD_RUNPATH_SEARCH_PATHS = (
					"$(inherited)",
					"@executable_path/Frameworks",
					"@loader_path/Frameworks",
				);
				PRODUCT_BUNDLE_IDENTIFIER = com.flintpearce.RestTestTests;
				PRODUCT_NAME = "$(TARGET_NAME)";
				SWIFT_VERSION = 5.0;
				TARGETED_DEVICE_FAMILY = "1,2";
				TEST_HOST = "$(BUILT_PRODUCTS_DIR)/RestTest.app/RestTest";
			};
			name = Release;
		};
		F339DF9A246540EE00CFA8DF /* Debug */ = {
			isa = XCBuildConfiguration;
			buildSettings = {
				ALWAYS_EMBED_SWIFT_STANDARD_LIBRARIES = YES;
				CODE_SIGN_STYLE = Automatic;
				INFOPLIST_FILE = RestTestUITests/Info.plist;
				LD_RUNPATH_SEARCH_PATHS = (
					"$(inherited)",
					"@executable_path/Frameworks",
					"@loader_path/Frameworks",
				);
				PRODUCT_BUNDLE_IDENTIFIER = com.flintpearce.RestTestUITests;
				PRODUCT_NAME = "$(TARGET_NAME)";
				SWIFT_VERSION = 5.0;
				TARGETED_DEVICE_FAMILY = "1,2";
				TEST_TARGET_NAME = RestTest;
			};
			name = Debug;
		};
		F339DF9B246540EE00CFA8DF /* Release */ = {
			isa = XCBuildConfiguration;
			buildSettings = {
				ALWAYS_EMBED_SWIFT_STANDARD_LIBRARIES = YES;
				CODE_SIGN_STYLE = Automatic;
				INFOPLIST_FILE = RestTestUITests/Info.plist;
				LD_RUNPATH_SEARCH_PATHS = (
					"$(inherited)",
					"@executable_path/Frameworks",
					"@loader_path/Frameworks",
				);
				PRODUCT_BUNDLE_IDENTIFIER = com.flintpearce.RestTestUITests;
				PRODUCT_NAME = "$(TARGET_NAME)";
				SWIFT_VERSION = 5.0;
				TARGETED_DEVICE_FAMILY = "1,2";
				TEST_TARGET_NAME = RestTest;
			};
			name = Release;
		};
/* End XCBuildConfiguration section */

/* Begin XCConfigurationList section */
		F339DF64246540EB00CFA8DF /* Build configuration list for PBXProject "RestTest" */ = {
			isa = XCConfigurationList;
			buildConfigurations = (
				F339DF91246540EE00CFA8DF /* Debug */,
				F339DF92246540EE00CFA8DF /* Release */,
			);
			defaultConfigurationIsVisible = 0;
			defaultConfigurationName = Release;
		};
		F339DF93246540EE00CFA8DF /* Build configuration list for PBXNativeTarget "RestTest" */ = {
			isa = XCConfigurationList;
			buildConfigurations = (
				F339DF94246540EE00CFA8DF /* Debug */,
				F339DF95246540EE00CFA8DF /* Release */,
			);
			defaultConfigurationIsVisible = 0;
			defaultConfigurationName = Release;
		};
		F339DF96246540EE00CFA8DF /* Build configuration list for PBXNativeTarget "RestTestTests" */ = {
			isa = XCConfigurationList;
			buildConfigurations = (
				F339DF97246540EE00CFA8DF /* Debug */,
				F339DF98246540EE00CFA8DF /* Release */,
			);
			defaultConfigurationIsVisible = 0;
			defaultConfigurationName = Release;
		};
		F339DF99246540EE00CFA8DF /* Build configuration list for PBXNativeTarget "RestTestUITests" */ = {
			isa = XCConfigurationList;
			buildConfigurations = (
				F339DF9A246540EE00CFA8DF /* Debug */,
				F339DF9B246540EE00CFA8DF /* Release */,
			);
			defaultConfigurationIsVisible = 0;
			defaultConfigurationName = Release;
		};
/* End XCConfigurationList section */
	};
	rootObject = F339DF61246540EB00CFA8DF /* Project object */;
}
